
Microsoft Visual Studio Solution File, Format Version 12.00
# Visual Studio Version 17
VisualStudioVersion = 17.5.33530.505
MinimumVisualStudioVersion = 10.0.40219.1
Project("{FAE04EC0-301F-11D3-BF4B-00C04F79EFBC}") = "metod2", "metod2.csproj", "{6DFA8D38-785C-4D79-AAD8-B9DA8B0AE0D1}"
EndProject
Global
	GlobalSection(SolutionConfigurationPlatforms) = preSolution
		Debug|Any CPU = Debug|Any CPU
		Release|Any CPU = Release|Any CPU
	EndGlobalSection
	GlobalSection(ProjectConfigurationPlatforms) = postSolution
		{6DFA8D38-785C-4D79-AAD8-B9DA8B0AE0D1}.Debug|Any CPU.ActiveCfg = Debug|Any CPU
		{6DFA8D38-785C-4D79-AAD8-B9DA8B0AE0D1}.Debug|Any CPU.Build.0 = Debug|Any CPU
		{6DFA8D38-785C-4D79-AAD8-B9DA8B0AE0D1}.Release|Any CPU.ActiveCfg = Release|Any CPU
		{6DFA8D38-785C-4D79-AAD8-B9DA8B0AE0D1}.Release|Any CPU.Build.0 = Release|Any CPU
	EndGlobalSection
	GlobalSection(SolutionProperties) = preSolution
		HideSolutionNode = FALSE
	EndGlobalSection
	GlobalSection(ExtensibilityGlobals) = postSolution
		SolutionGuid = {08D5F8AA-3F9E-44E1-BDE9-5A96152B721B}
	EndGlobalSection
EndGlobal
